
Microsoft Visual Studio Solution File, Format Version 12.00
# Visual Studio 2012
Project("{FAE04EC0-301F-11D3-BF4B-00C04F79EFBC}") = "Xiongxiaokang", "Xiongxiaokang\Xiongxiaokang.csproj", "{82D4F9AF-9294-4E05-80C1-362106022E5C}"
EndProject
Global
	GlobalSection(SolutionConfigurationPlatforms) = preSolution
		Debug|Any CPU = Debug|Any CPU
		Release|Any CPU = Release|Any CPU
	EndGlobalSection
	GlobalSection(ProjectConfigurationPlatforms) = postSolution
		{82D4F9AF-9294-4E05-80C1-362106022E5C}.Debug|Any CPU.ActiveCfg = Debug|Any CPU
		{82D4F9AF-9294-4E05-80C1-362106022E5C}.Debug|Any CPU.Build.0 = Debug|Any CPU
		{82D4F9AF-9294-4E05-80C1-362106022E5C}.Release|Any CPU.ActiveCfg = Release|Any CPU
		{82D4F9AF-9294-4E05-80C1-362106022E5C}.Release|Any CPU.Build.0 = Release|Any CPU
	EndGlobalSection
	GlobalSection(SolutionProperties) = preSolution
		HideSolutionNode = FALSE
	EndGlobalSection
EndGlobal
