
Microsoft Visual Studio Solution File, Format Version 12.00
# Visual Studio 2013
VisualStudioVersion = 12.0.21005.1
MinimumVisualStudioVersion = 10.0.40219.1
Project("{FAE04EC0-301F-11D3-BF4B-00C04F79EFBC}") = "Test20161202", "Test20161202\Test20161202.csproj", "{A54D58AE-5F75-468F-A478-9B504A921151}"
EndProject
Project("{2150E333-8FDC-42A3-9474-1A3956D46DE8}") = "WPF", "WPF", "{22C24883-5382-41F9-A86B-30765D20E831}"
EndProject
Project("{FAE04EC0-301F-11D3-BF4B-00C04F79EFBC}") = "WPFControls", "WPFControls\WPFControls.csproj", "{2CF2A3FF-35B8-46D4-93C1-58F40E88E1A2}"
EndProject
Project("{FAE04EC0-301F-11D3-BF4B-00C04F79EFBC}") = "WPF.Model", "WPF.Model\WPF.Model.csproj", "{ED46D68F-4262-4817-8F95-1ADE285231B9}"
EndProject
Global
	GlobalSection(SolutionConfigurationPlatforms) = preSolution
		Debug|Any CPU = Debug|Any CPU
		Release|Any CPU = Release|Any CPU
	EndGlobalSection
	GlobalSection(ProjectConfigurationPlatforms) = postSolution
		{A54D58AE-5F75-468F-A478-9B504A921151}.Debug|Any CPU.ActiveCfg = Debug|Any CPU
		{A54D58AE-5F75-468F-A478-9B504A921151}.Debug|Any CPU.Build.0 = Debug|Any CPU
		{A54D58AE-5F75-468F-A478-9B504A921151}.Release|Any CPU.ActiveCfg = Release|Any CPU
		{A54D58AE-5F75-468F-A478-9B504A921151}.Release|Any CPU.Build.0 = Release|Any CPU
		{2CF2A3FF-35B8-46D4-93C1-58F40E88E1A2}.Debug|Any CPU.ActiveCfg = Debug|Any CPU
		{2CF2A3FF-35B8-46D4-93C1-58F40E88E1A2}.Debug|Any CPU.Build.0 = Debug|Any CPU
		{2CF2A3FF-35B8-46D4-93C1-58F40E88E1A2}.Release|Any CPU.ActiveCfg = Release|Any CPU
		{2CF2A3FF-35B8-46D4-93C1-58F40E88E1A2}.Release|Any CPU.Build.0 = Release|Any CPU
		{ED46D68F-4262-4817-8F95-1ADE285231B9}.Debug|Any CPU.ActiveCfg = Debug|Any CPU
		{ED46D68F-4262-4817-8F95-1ADE285231B9}.Debug|Any CPU.Build.0 = Debug|Any CPU
		{ED46D68F-4262-4817-8F95-1ADE285231B9}.Release|Any CPU.ActiveCfg = Release|Any CPU
		{ED46D68F-4262-4817-8F95-1ADE285231B9}.Release|Any CPU.Build.0 = Release|Any CPU
	EndGlobalSection
	GlobalSection(SolutionProperties) = preSolution
		HideSolutionNode = FALSE
	EndGlobalSection
	GlobalSection(NestedProjects) = preSolution
		{2CF2A3FF-35B8-46D4-93C1-58F40E88E1A2} = {22C24883-5382-41F9-A86B-30765D20E831}
		{ED46D68F-4262-4817-8F95-1ADE285231B9} = {22C24883-5382-41F9-A86B-30765D20E831}
	EndGlobalSection
EndGlobal
