
Microsoft Visual Studio Solution File, Format Version 12.00
# Visual Studio 2012
Project("{FAE04EC0-301F-11D3-BF4B-00C04F79EFBC}") = "Code-Only-Window", "Code-Only-Window\Code-Only-Window.csproj", "{9AB877DC-81A4-4700-8A9F-95BD42051BA4}"
EndProject
Global
	GlobalSection(SolutionConfigurationPlatforms) = preSolution
		Debug|Any CPU = Debug|Any CPU
		Release|Any CPU = Release|Any CPU
	EndGlobalSection
	GlobalSection(ProjectConfigurationPlatforms) = postSolution
		{9AB877DC-81A4-4700-8A9F-95BD42051BA4}.Debug|Any CPU.ActiveCfg = Debug|Any CPU
		{9AB877DC-81A4-4700-8A9F-95BD42051BA4}.Debug|Any CPU.Build.0 = Debug|Any CPU
		{9AB877DC-81A4-4700-8A9F-95BD42051BA4}.Release|Any CPU.ActiveCfg = Release|Any CPU
		{9AB877DC-81A4-4700-8A9F-95BD42051BA4}.Release|Any CPU.Build.0 = Release|Any CPU
	EndGlobalSection
	GlobalSection(SolutionProperties) = preSolution
		HideSolutionNode = FALSE
	EndGlobalSection
EndGlobal
