
Microsoft Visual Studio Solution File, Format Version 12.00
# Visual Studio 2013
VisualStudioVersion = 12.0.21005.1
MinimumVisualStudioVersion = 10.0.40219.1
Project("{FAE04EC0-301F-11D3-BF4B-00C04F79EFBC}") = "WPF_Player", "WPF_Player\WPF_Player.csproj", "{B6036500-B0CC-4EB7-B087-18B212308854}"
EndProject
Project("{FAE04EC0-301F-11D3-BF4B-00C04F79EFBC}") = "Common", "..\..\Project2016\Common\Common\Common.csproj", "{01DD61C7-A4DD-49D0-A990-75E61004FCFF}"
EndProject
Global
	GlobalSection(SolutionConfigurationPlatforms) = preSolution
		Debug|Any CPU = Debug|Any CPU
		Release|Any CPU = Release|Any CPU
	EndGlobalSection
	GlobalSection(ProjectConfigurationPlatforms) = postSolution
		{B6036500-B0CC-4EB7-B087-18B212308854}.Debug|Any CPU.ActiveCfg = Debug|Any CPU
		{B6036500-B0CC-4EB7-B087-18B212308854}.Debug|Any CPU.Build.0 = Debug|Any CPU
		{B6036500-B0CC-4EB7-B087-18B212308854}.Release|Any CPU.ActiveCfg = Release|Any CPU
		{B6036500-B0CC-4EB7-B087-18B212308854}.Release|Any CPU.Build.0 = Release|Any CPU
		{01DD61C7-A4DD-49D0-A990-75E61004FCFF}.Debug|Any CPU.ActiveCfg = Debug|Any CPU
		{01DD61C7-A4DD-49D0-A990-75E61004FCFF}.Debug|Any CPU.Build.0 = Debug|Any CPU
		{01DD61C7-A4DD-49D0-A990-75E61004FCFF}.Release|Any CPU.ActiveCfg = Release|Any CPU
		{01DD61C7-A4DD-49D0-A990-75E61004FCFF}.Release|Any CPU.Build.0 = Release|Any CPU
	EndGlobalSection
	GlobalSection(SolutionProperties) = preSolution
		HideSolutionNode = FALSE
	EndGlobalSection
EndGlobal
