
Microsoft Visual Studio Solution File, Format Version 12.00
# Visual Studio 2013
VisualStudioVersion = 12.0.21005.1
MinimumVisualStudioVersion = 10.0.40219.1
Project("{FAE04EC0-301F-11D3-BF4B-00C04F79EFBC}") = "WcfService", "WcfService\WcfService.csproj", "{713D98E9-6CB0-4405-B83F-6FFFF5C43A16}"
EndProject
Project("{FAE04EC0-301F-11D3-BF4B-00C04F79EFBC}") = "WCF_TEST", "WCF_TEST\WCF_TEST.csproj", "{741C7E32-961E-4FC8-9435-2B866F2E2644}"
EndProject
Global
	GlobalSection(SolutionConfigurationPlatforms) = preSolution
		Debug|Any CPU = Debug|Any CPU
		Release|Any CPU = Release|Any CPU
	EndGlobalSection
	GlobalSection(ProjectConfigurationPlatforms) = postSolution
		{713D98E9-6CB0-4405-B83F-6FFFF5C43A16}.Debug|Any CPU.ActiveCfg = Debug|Any CPU
		{713D98E9-6CB0-4405-B83F-6FFFF5C43A16}.Debug|Any CPU.Build.0 = Debug|Any CPU
		{713D98E9-6CB0-4405-B83F-6FFFF5C43A16}.Release|Any CPU.ActiveCfg = Release|Any CPU
		{713D98E9-6CB0-4405-B83F-6FFFF5C43A16}.Release|Any CPU.Build.0 = Release|Any CPU
		{741C7E32-961E-4FC8-9435-2B866F2E2644}.Debug|Any CPU.ActiveCfg = Debug|Any CPU
		{741C7E32-961E-4FC8-9435-2B866F2E2644}.Debug|Any CPU.Build.0 = Debug|Any CPU
		{741C7E32-961E-4FC8-9435-2B866F2E2644}.Release|Any CPU.ActiveCfg = Release|Any CPU
		{741C7E32-961E-4FC8-9435-2B866F2E2644}.Release|Any CPU.Build.0 = Release|Any CPU
	EndGlobalSection
	GlobalSection(SolutionProperties) = preSolution
		HideSolutionNode = FALSE
	EndGlobalSection
EndGlobal
