
Microsoft Visual Studio Solution File, Format Version 12.00
# Visual Studio 2013
VisualStudioVersion = 12.0.21005.1
MinimumVisualStudioVersion = 10.0.40219.1
Project("{FAE04EC0-301F-11D3-BF4B-00C04F79EFBC}") = "WPF-Test-InkCanvas", "WPF-Test-InkCanvas\WPF-Test-InkCanvas.csproj", "{03108682-34B6-4792-8F36-E1E3B4AABF63}"
EndProject
Project("{FAE04EC0-301F-11D3-BF4B-00C04F79EFBC}") = "WPF-Test-Popub", "WPF-Test-Popub\WPF-Test-Popub.csproj", "{1D153B25-A8E5-4765-B504-4203DF9DA327}"
EndProject
Project("{FAE04EC0-301F-11D3-BF4B-00C04F79EFBC}") = "WPF-Listview", "WPF-Listview\WPF-Listview.csproj", "{6E132125-7814-4D35-A8A5-76B3928AAF82}"
EndProject
Project("{FAE04EC0-301F-11D3-BF4B-00C04F79EFBC}") = "WPF-Resource", "WPF-Resource\WPF-Resource.csproj", "{79A12F40-95FF-46E5-A471-81EDB3D69EDB}"
EndProject
Project("{FAE04EC0-301F-11D3-BF4B-00C04F79EFBC}") = "WPF-样式基础", "WPF-样式基础\WPF-样式基础.csproj", "{5223BFD0-7150-4129-9473-930156EBDC30}"
EndProject
Project("{FAE04EC0-301F-11D3-BF4B-00C04F79EFBC}") = "WPF-样式-EventSetter", "WPF-样式-EventSetter\WPF-样式-EventSetter.csproj", "{472CBFD8-8DCC-4EB3-BA77-DF3000506BD4}"
EndProject
Project("{FAE04EC0-301F-11D3-BF4B-00C04F79EFBC}") = "WPF-触发器", "WPF-触发器\WPF-触发器.csproj", "{0D868C58-82D9-4DAF-A9E7-23081C14A96B}"
EndProject
Project("{FAE04EC0-301F-11D3-BF4B-00C04F79EFBC}") = "WPF-事件触发器", "WPF-事件触发器\WPF-事件触发器.csproj", "{C600F47A-F5B2-4A94-BDBE-9764A09455C8}"
EndProject
Project("{FAE04EC0-301F-11D3-BF4B-00C04F79EFBC}") = "旋转", "旋转\旋转.csproj", "{AA3A10BF-2BF7-4B65-8F55-7861958274B8}"
EndProject
Project("{FAE04EC0-301F-11D3-BF4B-00C04F79EFBC}") = "WPF-线程", "WPF-线程\WPF-线程.csproj", "{E9ED534D-2F39-4D8B-9FE2-9C87BFEA66C9}"
EndProject
Project("{FAE04EC0-301F-11D3-BF4B-00C04F79EFBC}") = "重写button", "重写button\重写button.csproj", "{35550A04-74EB-4F13-83F7-C194C50A3D1A}"
EndProject
Project("{FAE04EC0-301F-11D3-BF4B-00C04F79EFBC}") = "Nhibernate-SQL", "F:\下载的文件\代码\Nhibernate-SQL\Nhibernate-SQL.csproj", "{315C4269-2E6C-400A-A867-1FAFC02E7D18}"
EndProject
Project("{FAE04EC0-301F-11D3-BF4B-00C04F79EFBC}") = "WPF-TreeView", "WPF-TreeView\WPF-TreeView.csproj", "{7315CBB5-9CA5-426A-A031-6CB5DE839C07}"
EndProject
Project("{FAE04EC0-301F-11D3-BF4B-00C04F79EFBC}") = "Page_Frame", "Page_Frame\Page_Frame.csproj", "{7F5AC3DF-23A0-464C-990D-6DD0F1053676}"
EndProject
Project("{FAE04EC0-301F-11D3-BF4B-00C04F79EFBC}") = "Visual命中测试", "Visual命中测试\Visual命中测试.csproj", "{6B77A341-F2AF-4859-9B04-C710B63025DA}"
EndProject
Project("{FAE04EC0-301F-11D3-BF4B-00C04F79EFBC}") = "动画", "动画\动画.csproj", "{027BCFBD-900F-498A-A39F-E118FAC246A8}"
EndProject
Project("{FAE04EC0-301F-11D3-BF4B-00C04F79EFBC}") = "TextBlock", "TextBlock\TextBlock.csproj", "{DE7AD500-F377-43E5-BB45-699F283EA4C7}"
EndProject
Global
	GlobalSection(SolutionConfigurationPlatforms) = preSolution
		Debug|Any CPU = Debug|Any CPU
		Release|Any CPU = Release|Any CPU
	EndGlobalSection
	GlobalSection(ProjectConfigurationPlatforms) = postSolution
		{03108682-34B6-4792-8F36-E1E3B4AABF63}.Debug|Any CPU.ActiveCfg = Debug|Any CPU
		{03108682-34B6-4792-8F36-E1E3B4AABF63}.Debug|Any CPU.Build.0 = Debug|Any CPU
		{03108682-34B6-4792-8F36-E1E3B4AABF63}.Release|Any CPU.ActiveCfg = Release|Any CPU
		{03108682-34B6-4792-8F36-E1E3B4AABF63}.Release|Any CPU.Build.0 = Release|Any CPU
		{1D153B25-A8E5-4765-B504-4203DF9DA327}.Debug|Any CPU.ActiveCfg = Debug|Any CPU
		{1D153B25-A8E5-4765-B504-4203DF9DA327}.Debug|Any CPU.Build.0 = Debug|Any CPU
		{1D153B25-A8E5-4765-B504-4203DF9DA327}.Release|Any CPU.ActiveCfg = Release|Any CPU
		{1D153B25-A8E5-4765-B504-4203DF9DA327}.Release|Any CPU.Build.0 = Release|Any CPU
		{6E132125-7814-4D35-A8A5-76B3928AAF82}.Debug|Any CPU.ActiveCfg = Debug|Any CPU
		{6E132125-7814-4D35-A8A5-76B3928AAF82}.Debug|Any CPU.Build.0 = Debug|Any CPU
		{6E132125-7814-4D35-A8A5-76B3928AAF82}.Release|Any CPU.ActiveCfg = Release|Any CPU
		{6E132125-7814-4D35-A8A5-76B3928AAF82}.Release|Any CPU.Build.0 = Release|Any CPU
		{79A12F40-95FF-46E5-A471-81EDB3D69EDB}.Debug|Any CPU.ActiveCfg = Debug|Any CPU
		{79A12F40-95FF-46E5-A471-81EDB3D69EDB}.Debug|Any CPU.Build.0 = Debug|Any CPU
		{79A12F40-95FF-46E5-A471-81EDB3D69EDB}.Release|Any CPU.ActiveCfg = Release|Any CPU
		{79A12F40-95FF-46E5-A471-81EDB3D69EDB}.Release|Any CPU.Build.0 = Release|Any CPU
		{5223BFD0-7150-4129-9473-930156EBDC30}.Debug|Any CPU.ActiveCfg = Debug|Any CPU
		{5223BFD0-7150-4129-9473-930156EBDC30}.Debug|Any CPU.Build.0 = Debug|Any CPU
		{5223BFD0-7150-4129-9473-930156EBDC30}.Release|Any CPU.ActiveCfg = Release|Any CPU
		{5223BFD0-7150-4129-9473-930156EBDC30}.Release|Any CPU.Build.0 = Release|Any CPU
		{472CBFD8-8DCC-4EB3-BA77-DF3000506BD4}.Debug|Any CPU.ActiveCfg = Debug|Any CPU
		{472CBFD8-8DCC-4EB3-BA77-DF3000506BD4}.Debug|Any CPU.Build.0 = Debug|Any CPU
		{472CBFD8-8DCC-4EB3-BA77-DF3000506BD4}.Release|Any CPU.ActiveCfg = Release|Any CPU
		{472CBFD8-8DCC-4EB3-BA77-DF3000506BD4}.Release|Any CPU.Build.0 = Release|Any CPU
		{0D868C58-82D9-4DAF-A9E7-23081C14A96B}.Debug|Any CPU.ActiveCfg = Debug|Any CPU
		{0D868C58-82D9-4DAF-A9E7-23081C14A96B}.Debug|Any CPU.Build.0 = Debug|Any CPU
		{0D868C58-82D9-4DAF-A9E7-23081C14A96B}.Release|Any CPU.ActiveCfg = Release|Any CPU
		{0D868C58-82D9-4DAF-A9E7-23081C14A96B}.Release|Any CPU.Build.0 = Release|Any CPU
		{C600F47A-F5B2-4A94-BDBE-9764A09455C8}.Debug|Any CPU.ActiveCfg = Debug|Any CPU
		{C600F47A-F5B2-4A94-BDBE-9764A09455C8}.Debug|Any CPU.Build.0 = Debug|Any CPU
		{C600F47A-F5B2-4A94-BDBE-9764A09455C8}.Release|Any CPU.ActiveCfg = Release|Any CPU
		{C600F47A-F5B2-4A94-BDBE-9764A09455C8}.Release|Any CPU.Build.0 = Release|Any CPU
		{AA3A10BF-2BF7-4B65-8F55-7861958274B8}.Debug|Any CPU.ActiveCfg = Debug|Any CPU
		{AA3A10BF-2BF7-4B65-8F55-7861958274B8}.Debug|Any CPU.Build.0 = Debug|Any CPU
		{AA3A10BF-2BF7-4B65-8F55-7861958274B8}.Release|Any CPU.ActiveCfg = Release|Any CPU
		{AA3A10BF-2BF7-4B65-8F55-7861958274B8}.Release|Any CPU.Build.0 = Release|Any CPU
		{E9ED534D-2F39-4D8B-9FE2-9C87BFEA66C9}.Debug|Any CPU.ActiveCfg = Debug|Any CPU
		{E9ED534D-2F39-4D8B-9FE2-9C87BFEA66C9}.Debug|Any CPU.Build.0 = Debug|Any CPU
		{E9ED534D-2F39-4D8B-9FE2-9C87BFEA66C9}.Release|Any CPU.ActiveCfg = Release|Any CPU
		{E9ED534D-2F39-4D8B-9FE2-9C87BFEA66C9}.Release|Any CPU.Build.0 = Release|Any CPU
		{35550A04-74EB-4F13-83F7-C194C50A3D1A}.Debug|Any CPU.ActiveCfg = Debug|Any CPU
		{35550A04-74EB-4F13-83F7-C194C50A3D1A}.Debug|Any CPU.Build.0 = Debug|Any CPU
		{35550A04-74EB-4F13-83F7-C194C50A3D1A}.Release|Any CPU.ActiveCfg = Release|Any CPU
		{35550A04-74EB-4F13-83F7-C194C50A3D1A}.Release|Any CPU.Build.0 = Release|Any CPU
		{315C4269-2E6C-400A-A867-1FAFC02E7D18}.Debug|Any CPU.ActiveCfg = Debug|Any CPU
		{315C4269-2E6C-400A-A867-1FAFC02E7D18}.Debug|Any CPU.Build.0 = Debug|Any CPU
		{315C4269-2E6C-400A-A867-1FAFC02E7D18}.Release|Any CPU.ActiveCfg = Release|Any CPU
		{315C4269-2E6C-400A-A867-1FAFC02E7D18}.Release|Any CPU.Build.0 = Release|Any CPU
		{7315CBB5-9CA5-426A-A031-6CB5DE839C07}.Debug|Any CPU.ActiveCfg = Debug|Any CPU
		{7315CBB5-9CA5-426A-A031-6CB5DE839C07}.Debug|Any CPU.Build.0 = Debug|Any CPU
		{7315CBB5-9CA5-426A-A031-6CB5DE839C07}.Release|Any CPU.ActiveCfg = Release|Any CPU
		{7315CBB5-9CA5-426A-A031-6CB5DE839C07}.Release|Any CPU.Build.0 = Release|Any CPU
		{7F5AC3DF-23A0-464C-990D-6DD0F1053676}.Debug|Any CPU.ActiveCfg = Debug|Any CPU
		{7F5AC3DF-23A0-464C-990D-6DD0F1053676}.Debug|Any CPU.Build.0 = Debug|Any CPU
		{7F5AC3DF-23A0-464C-990D-6DD0F1053676}.Release|Any CPU.ActiveCfg = Release|Any CPU
		{7F5AC3DF-23A0-464C-990D-6DD0F1053676}.Release|Any CPU.Build.0 = Release|Any CPU
		{6B77A341-F2AF-4859-9B04-C710B63025DA}.Debug|Any CPU.ActiveCfg = Debug|Any CPU
		{6B77A341-F2AF-4859-9B04-C710B63025DA}.Debug|Any CPU.Build.0 = Debug|Any CPU
		{6B77A341-F2AF-4859-9B04-C710B63025DA}.Release|Any CPU.ActiveCfg = Release|Any CPU
		{6B77A341-F2AF-4859-9B04-C710B63025DA}.Release|Any CPU.Build.0 = Release|Any CPU
		{027BCFBD-900F-498A-A39F-E118FAC246A8}.Debug|Any CPU.ActiveCfg = Debug|Any CPU
		{027BCFBD-900F-498A-A39F-E118FAC246A8}.Debug|Any CPU.Build.0 = Debug|Any CPU
		{027BCFBD-900F-498A-A39F-E118FAC246A8}.Release|Any CPU.ActiveCfg = Release|Any CPU
		{027BCFBD-900F-498A-A39F-E118FAC246A8}.Release|Any CPU.Build.0 = Release|Any CPU
		{DE7AD500-F377-43E5-BB45-699F283EA4C7}.Debug|Any CPU.ActiveCfg = Debug|Any CPU
		{DE7AD500-F377-43E5-BB45-699F283EA4C7}.Debug|Any CPU.Build.0 = Debug|Any CPU
		{DE7AD500-F377-43E5-BB45-699F283EA4C7}.Release|Any CPU.ActiveCfg = Release|Any CPU
		{DE7AD500-F377-43E5-BB45-699F283EA4C7}.Release|Any CPU.Build.0 = Release|Any CPU
	EndGlobalSection
	GlobalSection(SolutionProperties) = preSolution
		HideSolutionNode = FALSE
	EndGlobalSection
EndGlobal
