
Microsoft Visual Studio Solution File, Format Version 12.00
# Visual Studio 2013
VisualStudioVersion = 12.0.21005.1
MinimumVisualStudioVersion = 10.0.40219.1
Project("{FAE04EC0-301F-11D3-BF4B-00C04F79EFBC}") = "FTP示例", "FTP示例\FTP示例.csproj", "{21EC146D-81AA-4D19-BEA0-84A448D99B6B}"
EndProject
Project("{FAE04EC0-301F-11D3-BF4B-00C04F79EFBC}") = "FTPClient", "FTPClient\FTPClient.csproj", "{7064A860-405D-4BFF-8A48-2F33B621FCF8}"
EndProject
Project("{FAE04EC0-301F-11D3-BF4B-00C04F79EFBC}") = "FTPModel", "FTPModel\FTPModel.csproj", "{F5E6A225-15C5-4849-9C83-C7050B98B3DF}"
EndProject
Global
	GlobalSection(SolutionConfigurationPlatforms) = preSolution
		Debug|Any CPU = Debug|Any CPU
		Release|Any CPU = Release|Any CPU
	EndGlobalSection
	GlobalSection(ProjectConfigurationPlatforms) = postSolution
		{21EC146D-81AA-4D19-BEA0-84A448D99B6B}.Debug|Any CPU.ActiveCfg = Debug|Any CPU
		{21EC146D-81AA-4D19-BEA0-84A448D99B6B}.Debug|Any CPU.Build.0 = Debug|Any CPU
		{21EC146D-81AA-4D19-BEA0-84A448D99B6B}.Release|Any CPU.ActiveCfg = Release|Any CPU
		{21EC146D-81AA-4D19-BEA0-84A448D99B6B}.Release|Any CPU.Build.0 = Release|Any CPU
		{7064A860-405D-4BFF-8A48-2F33B621FCF8}.Debug|Any CPU.ActiveCfg = Debug|Any CPU
		{7064A860-405D-4BFF-8A48-2F33B621FCF8}.Debug|Any CPU.Build.0 = Debug|Any CPU
		{7064A860-405D-4BFF-8A48-2F33B621FCF8}.Release|Any CPU.ActiveCfg = Release|Any CPU
		{7064A860-405D-4BFF-8A48-2F33B621FCF8}.Release|Any CPU.Build.0 = Release|Any CPU
		{F5E6A225-15C5-4849-9C83-C7050B98B3DF}.Debug|Any CPU.ActiveCfg = Debug|Any CPU
		{F5E6A225-15C5-4849-9C83-C7050B98B3DF}.Debug|Any CPU.Build.0 = Debug|Any CPU
		{F5E6A225-15C5-4849-9C83-C7050B98B3DF}.Release|Any CPU.ActiveCfg = Release|Any CPU
		{F5E6A225-15C5-4849-9C83-C7050B98B3DF}.Release|Any CPU.Build.0 = Release|Any CPU
	EndGlobalSection
	GlobalSection(SolutionProperties) = preSolution
		HideSolutionNode = FALSE
	EndGlobalSection
EndGlobal
