
Microsoft Visual Studio Solution File, Format Version 12.00
# Visual Studio 2013
VisualStudioVersion = 12.0.21005.1
MinimumVisualStudioVersion = 10.0.40219.1
Project("{FAE04EC0-301F-11D3-BF4B-00C04F79EFBC}") = "WPF-Test24", "WPF-Test24\WPF-Test24.csproj", "{425AB7B5-1887-4EF3-A52F-DC68134059B2}"
EndProject
Project("{FAE04EC0-301F-11D3-BF4B-00C04F79EFBC}") = "ConsoleApplication1", "ConsoleApplication1\ConsoleApplication1.csproj", "{CB5193F5-66F1-4F60-B1EF-FC04FE49B7DD}"
EndProject
Project("{FAE04EC0-301F-11D3-BF4B-00C04F79EFBC}") = "WPF-ListView深入研究", "WPF-ListView深入研究\WPF-ListView深入研究.csproj", "{E4307A0A-A20F-43E8-B5D8-FE55158A20D7}"
EndProject
Project("{FAE04EC0-301F-11D3-BF4B-00C04F79EFBC}") = "WPF_按钮旋转", "WPF_按钮旋转\WPF_按钮旋转.csproj", "{3E86C02B-20DA-414D-BF01-51C360032832}"
EndProject
Global
	GlobalSection(SolutionConfigurationPlatforms) = preSolution
		Debug|Any CPU = Debug|Any CPU
		Release|Any CPU = Release|Any CPU
	EndGlobalSection
	GlobalSection(ProjectConfigurationPlatforms) = postSolution
		{425AB7B5-1887-4EF3-A52F-DC68134059B2}.Debug|Any CPU.ActiveCfg = Debug|Any CPU
		{425AB7B5-1887-4EF3-A52F-DC68134059B2}.Debug|Any CPU.Build.0 = Debug|Any CPU
		{425AB7B5-1887-4EF3-A52F-DC68134059B2}.Release|Any CPU.ActiveCfg = Release|Any CPU
		{425AB7B5-1887-4EF3-A52F-DC68134059B2}.Release|Any CPU.Build.0 = Release|Any CPU
		{CB5193F5-66F1-4F60-B1EF-FC04FE49B7DD}.Debug|Any CPU.ActiveCfg = Debug|Any CPU
		{CB5193F5-66F1-4F60-B1EF-FC04FE49B7DD}.Debug|Any CPU.Build.0 = Debug|Any CPU
		{CB5193F5-66F1-4F60-B1EF-FC04FE49B7DD}.Release|Any CPU.ActiveCfg = Release|Any CPU
		{CB5193F5-66F1-4F60-B1EF-FC04FE49B7DD}.Release|Any CPU.Build.0 = Release|Any CPU
		{E4307A0A-A20F-43E8-B5D8-FE55158A20D7}.Debug|Any CPU.ActiveCfg = Debug|Any CPU
		{E4307A0A-A20F-43E8-B5D8-FE55158A20D7}.Debug|Any CPU.Build.0 = Debug|Any CPU
		{E4307A0A-A20F-43E8-B5D8-FE55158A20D7}.Release|Any CPU.ActiveCfg = Release|Any CPU
		{E4307A0A-A20F-43E8-B5D8-FE55158A20D7}.Release|Any CPU.Build.0 = Release|Any CPU
		{3E86C02B-20DA-414D-BF01-51C360032832}.Debug|Any CPU.ActiveCfg = Debug|Any CPU
		{3E86C02B-20DA-414D-BF01-51C360032832}.Debug|Any CPU.Build.0 = Debug|Any CPU
		{3E86C02B-20DA-414D-BF01-51C360032832}.Release|Any CPU.ActiveCfg = Release|Any CPU
		{3E86C02B-20DA-414D-BF01-51C360032832}.Release|Any CPU.Build.0 = Release|Any CPU
	EndGlobalSection
	GlobalSection(SolutionProperties) = preSolution
		HideSolutionNode = FALSE
	EndGlobalSection
EndGlobal
