
Microsoft Visual Studio Solution File, Format Version 12.00
# Visual Studio 2012
Project("{FAE04EC0-301F-11D3-BF4B-00C04F79EFBC}") = "xj.MusicPlayer", "xj.MusicPlayer.csproj", "{8F4D786D-8879-4909-95FA-E64110434FAE}"
EndProject
Project("{FAE04EC0-301F-11D3-BF4B-00C04F79EFBC}") = "MySkin", "..\MySkin\MySkin.csproj", "{1462F4BF-5DB2-434B-8064-DC7319E70F46}"
EndProject
Global
	GlobalSection(SolutionConfigurationPlatforms) = preSolution
		Debug|Any CPU = Debug|Any CPU
		Release|Any CPU = Release|Any CPU
	EndGlobalSection
	GlobalSection(ProjectConfigurationPlatforms) = postSolution
		{8F4D786D-8879-4909-95FA-E64110434FAE}.Debug|Any CPU.ActiveCfg = Debug|Any CPU
		{8F4D786D-8879-4909-95FA-E64110434FAE}.Debug|Any CPU.Build.0 = Debug|Any CPU
		{8F4D786D-8879-4909-95FA-E64110434FAE}.Release|Any CPU.ActiveCfg = Release|Any CPU
		{8F4D786D-8879-4909-95FA-E64110434FAE}.Release|Any CPU.Build.0 = Release|Any CPU
		{1462F4BF-5DB2-434B-8064-DC7319E70F46}.Debug|Any CPU.ActiveCfg = Debug|Any CPU
		{1462F4BF-5DB2-434B-8064-DC7319E70F46}.Debug|Any CPU.Build.0 = Debug|Any CPU
		{1462F4BF-5DB2-434B-8064-DC7319E70F46}.Release|Any CPU.ActiveCfg = Release|Any CPU
		{1462F4BF-5DB2-434B-8064-DC7319E70F46}.Release|Any CPU.Build.0 = Release|Any CPU
	EndGlobalSection
	GlobalSection(SolutionProperties) = preSolution
		HideSolutionNode = FALSE
	EndGlobalSection
EndGlobal
