
Microsoft Visual Studio Solution File, Format Version 12.00
# Visual Studio 2013
VisualStudioVersion = 12.0.21005.1
MinimumVisualStudioVersion = 10.0.40219.1
Project("{FAE04EC0-301F-11D3-BF4B-00C04F79EFBC}") = "Common", "Common\Common.csproj", "{01DD61C7-A4DD-49D0-A990-75E61004FCFF}"
EndProject
Project("{FAE04EC0-301F-11D3-BF4B-00C04F79EFBC}") = "Test", "Test\Test.csproj", "{41F97BE7-DA75-4B8D-AEE9-011E3AB3D908}"
EndProject
Project("{FAE04EC0-301F-11D3-BF4B-00C04F79EFBC}") = "LoadingCircleTest", "LoadingCircleTest\LoadingCircleTest.csproj", "{6D6D2AB8-C82B-4C22-A2F2-48CF67E8FE6D}"
EndProject
Project("{FAE04EC0-301F-11D3-BF4B-00C04F79EFBC}") = "Common.WPF", "Common.WPF\Common.WPF.csproj", "{36C17CD8-605D-4C71-8F5E-357CEBD74DEA}"
EndProject
Project("{FAE04EC0-301F-11D3-BF4B-00C04F79EFBC}") = "WPF.EffectTurnTest", "WPF.EffectTurnTest\WPF.EffectTurnTest.csproj", "{A9FBAC49-2F4B-4161-8816-C916DFC83E90}"
EndProject
Global
	GlobalSection(SolutionConfigurationPlatforms) = preSolution
		Debug|Any CPU = Debug|Any CPU
		Release|Any CPU = Release|Any CPU
	EndGlobalSection
	GlobalSection(ProjectConfigurationPlatforms) = postSolution
		{01DD61C7-A4DD-49D0-A990-75E61004FCFF}.Debug|Any CPU.ActiveCfg = Debug|Any CPU
		{01DD61C7-A4DD-49D0-A990-75E61004FCFF}.Debug|Any CPU.Build.0 = Debug|Any CPU
		{01DD61C7-A4DD-49D0-A990-75E61004FCFF}.Release|Any CPU.ActiveCfg = Release|Any CPU
		{01DD61C7-A4DD-49D0-A990-75E61004FCFF}.Release|Any CPU.Build.0 = Release|Any CPU
		{41F97BE7-DA75-4B8D-AEE9-011E3AB3D908}.Debug|Any CPU.ActiveCfg = Debug|Any CPU
		{41F97BE7-DA75-4B8D-AEE9-011E3AB3D908}.Debug|Any CPU.Build.0 = Debug|Any CPU
		{41F97BE7-DA75-4B8D-AEE9-011E3AB3D908}.Release|Any CPU.ActiveCfg = Release|Any CPU
		{41F97BE7-DA75-4B8D-AEE9-011E3AB3D908}.Release|Any CPU.Build.0 = Release|Any CPU
		{6D6D2AB8-C82B-4C22-A2F2-48CF67E8FE6D}.Debug|Any CPU.ActiveCfg = Debug|Any CPU
		{6D6D2AB8-C82B-4C22-A2F2-48CF67E8FE6D}.Debug|Any CPU.Build.0 = Debug|Any CPU
		{6D6D2AB8-C82B-4C22-A2F2-48CF67E8FE6D}.Release|Any CPU.ActiveCfg = Release|Any CPU
		{6D6D2AB8-C82B-4C22-A2F2-48CF67E8FE6D}.Release|Any CPU.Build.0 = Release|Any CPU
		{36C17CD8-605D-4C71-8F5E-357CEBD74DEA}.Debug|Any CPU.ActiveCfg = Debug|Any CPU
		{36C17CD8-605D-4C71-8F5E-357CEBD74DEA}.Debug|Any CPU.Build.0 = Debug|Any CPU
		{36C17CD8-605D-4C71-8F5E-357CEBD74DEA}.Release|Any CPU.ActiveCfg = Release|Any CPU
		{36C17CD8-605D-4C71-8F5E-357CEBD74DEA}.Release|Any CPU.Build.0 = Release|Any CPU
		{A9FBAC49-2F4B-4161-8816-C916DFC83E90}.Debug|Any CPU.ActiveCfg = Debug|Any CPU
		{A9FBAC49-2F4B-4161-8816-C916DFC83E90}.Debug|Any CPU.Build.0 = Debug|Any CPU
		{A9FBAC49-2F4B-4161-8816-C916DFC83E90}.Release|Any CPU.ActiveCfg = Release|Any CPU
		{A9FBAC49-2F4B-4161-8816-C916DFC83E90}.Release|Any CPU.Build.0 = Release|Any CPU
	EndGlobalSection
	GlobalSection(SolutionProperties) = preSolution
		HideSolutionNode = FALSE
	EndGlobalSection
EndGlobal
