
Microsoft Visual Studio Solution File, Format Version 12.00
# Visual Studio 2013
VisualStudioVersion = 12.0.21005.1
MinimumVisualStudioVersion = 10.0.40219.1
Project("{FAE04EC0-301F-11D3-BF4B-00C04F79EFBC}") = "WCF_双工_Server", "WCF_双工_Server\WCF_双工_Server.csproj", "{EFF86712-99E8-44F2-80CD-8CFA42009638}"
EndProject
Project("{FAE04EC0-301F-11D3-BF4B-00C04F79EFBC}") = "WCFService", "WCFService\WCFService.csproj", "{8B8D2417-2DEC-4BF3-AAB1-241E284FECE1}"
EndProject
Global
	GlobalSection(SolutionConfigurationPlatforms) = preSolution
		Debug|Any CPU = Debug|Any CPU
		Release|Any CPU = Release|Any CPU
	EndGlobalSection
	GlobalSection(ProjectConfigurationPlatforms) = postSolution
		{EFF86712-99E8-44F2-80CD-8CFA42009638}.Debug|Any CPU.ActiveCfg = Debug|Any CPU
		{EFF86712-99E8-44F2-80CD-8CFA42009638}.Debug|Any CPU.Build.0 = Debug|Any CPU
		{EFF86712-99E8-44F2-80CD-8CFA42009638}.Release|Any CPU.ActiveCfg = Release|Any CPU
		{EFF86712-99E8-44F2-80CD-8CFA42009638}.Release|Any CPU.Build.0 = Release|Any CPU
		{8B8D2417-2DEC-4BF3-AAB1-241E284FECE1}.Debug|Any CPU.ActiveCfg = Debug|Any CPU
		{8B8D2417-2DEC-4BF3-AAB1-241E284FECE1}.Debug|Any CPU.Build.0 = Debug|Any CPU
		{8B8D2417-2DEC-4BF3-AAB1-241E284FECE1}.Release|Any CPU.ActiveCfg = Release|Any CPU
		{8B8D2417-2DEC-4BF3-AAB1-241E284FECE1}.Release|Any CPU.Build.0 = Release|Any CPU
	EndGlobalSection
	GlobalSection(SolutionProperties) = preSolution
		HideSolutionNode = FALSE
	EndGlobalSection
EndGlobal
