
Microsoft Visual Studio Solution File, Format Version 12.00
# Visual Studio 2012
Project("{FAE04EC0-301F-11D3-BF4B-00C04F79EFBC}") = "monoDevelop", "monoDevelop\monoDevelop.csproj", "{5BFBC5B4-82C8-46EF-B9A2-08E9BB3B6525}"
EndProject
Global
	GlobalSection(SolutionConfigurationPlatforms) = preSolution
		Debug|x86 = Debug|x86
		Release|x86 = Release|x86
	EndGlobalSection
	GlobalSection(ProjectConfigurationPlatforms) = postSolution
		{5BFBC5B4-82C8-46EF-B9A2-08E9BB3B6525}.Debug|x86.ActiveCfg = Debug|x86
		{5BFBC5B4-82C8-46EF-B9A2-08E9BB3B6525}.Debug|x86.Build.0 = Debug|x86
		{5BFBC5B4-82C8-46EF-B9A2-08E9BB3B6525}.Release|x86.ActiveCfg = Release|x86
		{5BFBC5B4-82C8-46EF-B9A2-08E9BB3B6525}.Release|x86.Build.0 = Release|x86
	EndGlobalSection
EndGlobal
